
Microsoft Visual Studio Solution File, Format Version 12.00
# Visual Studio Version 17
VisualStudioVersion = 17.1.32319.34
MinimumVisualStudioVersion = 10.0.40219.1
Project("{9A19103F-16F7-4668-BE54-9A1E7A4F7556}") = "CanvasComponentExampleCore", "CanvasComponentExampleCore\CanvasComponentExampleCore.csproj", "{DF53057D-4284-4ACD-A07F-595F5B99191D}"
EndProject
Project("{FAE04EC0-301F-11D3-BF4B-00C04F79EFBC}") = "CanvasComponentExample", "CanvasComponentExample\CanvasComponentExample.csproj", "{89562C7A-A6BA-4C1F-B69E-51B734D50D9A}"
EndProject
Project("{FAE04EC0-301F-11D3-BF4B-00C04F79EFBC}") = "CanvasComponentServerExample", "CanvasComponentServerExample\CanvasComponentServerExample.csproj", "{A499A3F2-89D5-46F8-A3D9-7D1BD2BFD19C}"
EndProject
Global
	GlobalSection(SolutionConfigurationPlatforms) = preSolution
		Debug|Any CPU = Debug|Any CPU
		Release|Any CPU = Release|Any CPU
	EndGlobalSection
	GlobalSection(ProjectConfigurationPlatforms) = postSolution
		{DF53057D-4284-4ACD-A07F-595F5B99191D}.Debug|Any CPU.ActiveCfg = Debug|Any CPU
		{DF53057D-4284-4ACD-A07F-595F5B99191D}.Debug|Any CPU.Build.0 = Debug|Any CPU
		{DF53057D-4284-4ACD-A07F-595F5B99191D}.Release|Any CPU.ActiveCfg = Release|Any CPU
		{DF53057D-4284-4ACD-A07F-595F5B99191D}.Release|Any CPU.Build.0 = Release|Any CPU
		{89562C7A-A6BA-4C1F-B69E-51B734D50D9A}.Debug|Any CPU.ActiveCfg = Debug|Any CPU
		{89562C7A-A6BA-4C1F-B69E-51B734D50D9A}.Debug|Any CPU.Build.0 = Debug|Any CPU
		{89562C7A-A6BA-4C1F-B69E-51B734D50D9A}.Release|Any CPU.ActiveCfg = Release|Any CPU
		{89562C7A-A6BA-4C1F-B69E-51B734D50D9A}.Release|Any CPU.Build.0 = Release|Any CPU
		{A499A3F2-89D5-46F8-A3D9-7D1BD2BFD19C}.Debug|Any CPU.ActiveCfg = Debug|Any CPU
		{A499A3F2-89D5-46F8-A3D9-7D1BD2BFD19C}.Debug|Any CPU.Build.0 = Debug|Any CPU
		{A499A3F2-89D5-46F8-A3D9-7D1BD2BFD19C}.Release|Any CPU.ActiveCfg = Release|Any CPU
		{A499A3F2-89D5-46F8-A3D9-7D1BD2BFD19C}.Release|Any CPU.Build.0 = Release|Any CPU
	EndGlobalSection
	GlobalSection(SolutionProperties) = preSolution
		HideSolutionNode = FALSE
	EndGlobalSection
	GlobalSection(ExtensibilityGlobals) = postSolution
		SolutionGuid = {32C7910A-BCE4-4539-BE4E-BB303AFBCA56}
	EndGlobalSection
EndGlobal
